
Microsoft Visual Studio Solution File, Format Version 12.00
# Visual Studio Version 16
VisualStudioVersion = 16.0.30503.244
MinimumVisualStudioVersion = 10.0.40219.1
Project("{FAE04EC0-301F-11D3-BF4B-00C04F79EFBC}") = "HarcosProjekt", "HarcosProjekt\HarcosProjekt.csproj", "{F454B3C9-D930-49E0-AD0C-4B50ECAB45C1}"
EndProject
Global
	GlobalSection(SolutionConfigurationPlatforms) = preSolution
		Debug|Any CPU = Debug|Any CPU
		Release|Any CPU = Release|Any CPU
	EndGlobalSection
	GlobalSection(ProjectConfigurationPlatforms) = postSolution
		{F454B3C9-D930-49E0-AD0C-4B50ECAB45C1}.Debug|Any CPU.ActiveCfg = Debug|Any CPU
		{F454B3C9-D930-49E0-AD0C-4B50ECAB45C1}.Debug|Any CPU.Build.0 = Debug|Any CPU
		{F454B3C9-D930-49E0-AD0C-4B50ECAB45C1}.Release|Any CPU.ActiveCfg = Release|Any CPU
		{F454B3C9-D930-49E0-AD0C-4B50ECAB45C1}.Release|Any CPU.Build.0 = Release|Any CPU
	EndGlobalSection
	GlobalSection(SolutionProperties) = preSolution
		HideSolutionNode = FALSE
	EndGlobalSection
	GlobalSection(ExtensibilityGlobals) = postSolution
		SolutionGuid = {ACA33897-0F09-4D05-A477-86E3D0C0520C}
	EndGlobalSection
EndGlobal
